# Generated by pub
# See https://dart.dev/tools/pub/glossary#lockfile
packages:
  after_layout:
    dependency: transitive
    description:
      name: after_layout
      url: "https://pub.dartlang.org"
    source: hosted
    version: "1.0.7+2"
  collection:
    dependency: transitive
    description:
      name: collection
      url: "https://pub.dartlang.org"
    source: hosted
    version: "1.14.11"
  deep_link_navigation:
    dependency: "direct main"
    description:
      path: ".."
      relative: true
    source: path
    version: "1.4.0"
  flutter:
    dependency: transitive
    description: flutter
    source: sdk
    version: "0.0.0"
  merge_map:
    dependency: transitive
    description:
      name: merge_map
      url: "https://pub.dartlang.org"
    source: hosted
    version: "1.0.2"
  meta:
    dependency: transitive
    description:
      name: meta
      url: "https://pub.dartlang.org"
    source: hosted
    version: "1.1.8"
  nested:
    dependency: transitive
    description:
      name: nested
      url: "https://pub.dartlang.org"
    source: hosted
    version: "0.0.4"
  provider:
    dependency: transitive
    description:
      name: provider
      url: "https://pub.dartlang.org"
    source: hosted
    version: "4.0.1"
  sky_engine:
    dependency: transitive
    description: flutter
    source: sdk
    version: "0.0.99"
  typed_data:
    dependency: transitive
    description:
      name: typed_data
      url: "https://pub.dartlang.org"
    source: hosted
    version: "1.1.6"
  vector_math:
    dependency: transitive
    description:
      name: vector_math
      url: "https://pub.dartlang.org"
    source: hosted
    version: "2.0.8"
sdks:
  dart: ">=2.7.0 <3.0.0"
  flutter: ">=1.12.1"
